// !$*UTF8*$!
{
	archiveVersion = 1;
	classes = {
	};
	objectVersion = 48;
	objects = {

/* Begin PBXBuildFile section */
		9BFF8E671F67354900010CE8 /* AppDelegate.swift in Sources */ = {isa = PBXBuildFile; fileRef = 9BFF8E661F67354900010CE8 /* AppDelegate.swift */; };
		9BFF8E691F67354900010CE8 /* ViewController.swift in Sources */ = {isa = PBXBuildFile; fileRef = 9BFF8E681F67354900010CE8 /* ViewController.swift */; };
		9BFF8E6C1F67354900010CE8 /* Main.storyboard in Resources */ = {isa = PBXBuildFile; fileRef = 9BFF8E6A1F67354900010CE8 /* Main.storyboard */; };
		9BFF8E6E1F67354900010CE8 /* Assets.xcassets in Resources */ = {isa = PBXBuildFile; fileRef = 9BFF8E6D1F67354900010CE8 /* Assets.xcassets */; };
		9BFF8E711F67354900010CE8 /* LaunchScreen.storyboard in Resources */ = {isa = PBXBuildFile; fileRef = 9BFF8E6F1F67354900010CE8 /* LaunchScreen.storyboard */; };
		9BFF8E7C1F67354A00010CE8 /* Carthage_CITests.swift in Sources */ = {isa = PBXBuildFile; fileRef = 9BFF8E7B1F67354A00010CE8 /* Carthage_CITests.swift */; };
/* End PBXBuildFile section */

/* Begin PBXContainerItemProxy section */
		9BFF8E781F67354A00010CE8 /* PBXContainerItemProxy */ = {
			isa = PBXContainerItemProxy;
			containerPortal = 9BFF8E5B1F67354900010CE8 /* Project object */;
			proxyType = 1;
			remoteGlobalIDString = 9BFF8E621F67354900010CE8;
			remoteInfo = "Carthage-CI";
		};
/* End PBXContainerItemProxy section */

/* Begin PBXFileReference section */
		9BFF8E631F67354900010CE8 /* Carthage-CI.app */ = {isa = PBXFileReference; explicitFileType = wrapper.application; includeInIndex = 0; path = "Carthage-CI.app"; sourceTree = BUILT_PRODUCTS_DIR; };
		9BFF8E661F67354900010CE8 /* AppDelegate.swift */ = {isa = PBXFileReference; lastKnownFileType = sourcecode.swift; path = AppDelegate.swift; sourceTree = "<group>"; };
		9BFF8E681F67354900010CE8 /* ViewController.swift */ = {isa = PBXFileReference; lastKnownFileType = sourcecode.swift; path = ViewController.swift; sourceTree = "<group>"; };
		9BFF8E6B1F67354900010CE8 /* Base */ = {isa = PBXFileReference; lastKnownFileType = file.storyboard; name = Base; path = Base.lproj/Main.storyboard; sourceTree = "<group>"; };
		9BFF8E6D1F67354900010CE8 /* Assets.xcassets */ = {isa = PBXFileReference; lastKnownFileType = folder.assetcatalog; path = Assets.xcassets; sourceTree = "<group>"; };
		9BFF8E701F67354900010CE8 /* Base */ = {isa = PBXFileReference; lastKnownFileType = file.storyboard; name = Base; path = Base.lproj/LaunchScreen.storyboard; sourceTree = "<group>"; };
		9BFF8E721F67354900010CE8 /* Info.plist */ = {isa = PBXFileReference; lastKnownFileType = text.plist.xml; path = Info.plist; sourceTree = "<group>"; };
		9BFF8E771F67354A00010CE8 /* Carthage-CITests.xctest */ = {isa = PBXFileReference; explicitFileType = wrapper.cfbundle; includeInIndex = 0; path = "Carthage-CITests.xctest"; sourceTree = BUILT_PRODUCTS_DIR; };
		9BFF8E7B1F67354A00010CE8 /* Carthage_CITests.swift */ = {isa = PBXFileReference; lastKnownFileType = sourcecode.swift; path = Carthage_CITests.swift; sourceTree = "<group>"; };
		9BFF8E7D1F67354A00010CE8 /* Info.plist */ = {isa = PBXFileReference; lastKnownFileType = text.plist.xml; path = Info.plist; sourceTree = "<group>"; };
/* End PBXFileReference section */

/* Begin PBXFrameworksBuildPhase section */
		9BFF8E601F67354900010CE8 /* Frameworks */ = {
			isa = PBXFrameworksBuildPhase;
			buildActionMask = 2147483647;
			files = (
			);
			runOnlyForDeploymentPostprocessing = 0;
		};
		9BFF8E741F67354A00010CE8 /* Frameworks */ = {
			isa = PBXFrameworksBuildPhase;
			buildActionMask = 2147483647;
			files = (
			);
			runOnlyForDeploymentPostprocessing = 0;
		};
/* End PBXFrameworksBuildPhase section */

/* Begin PBXGroup section */
		9BFF8E5A1F67354900010CE8 = {
			isa = PBXGroup;
			children = (
				9BFF8E651F67354900010CE8 /* Carthage-CI */,
				9BFF8E7A1F67354A00010CE8 /* Carthage-CITests */,
				9BFF8E641F67354900010CE8 /* Products */,
			);
			sourceTree = "<group>";
		};
		9BFF8E641F67354900010CE8 /* Products */ = {
			isa = PBXGroup;
			children = (
				9BFF8E631F67354900010CE8 /* Carthage-CI.app */,
				9BFF8E771F67354A00010CE8 /* Carthage-CITests.xctest */,
			);
			name = Products;
			sourceTree = "<group>";
		};
		9BFF8E651F67354900010CE8 /* Carthage-CI */ = {
			isa = PBXGroup;
			children = (
				9BFF8E661F67354900010CE8 /* AppDelegate.swift */,
				9BFF8E681F67354900010CE8 /* ViewController.swift */,
				9BFF8E6A1F67354900010CE8 /* Main.storyboard */,
				9BFF8E6D1F67354900010CE8 /* Assets.xcassets */,
				9BFF8E6F1F67354900010CE8 /* LaunchScreen.storyboard */,
				9BFF8E721F67354900010CE8 /* Info.plist */,
			);
			path = "Carthage-CI";
			sourceTree = "<group>";
		};
		9BFF8E7A1F67354A00010CE8 /* Carthage-CITests */ = {
			isa = PBXGroup;
			children = (
				9BFF8E7B1F67354A00010CE8 /* Carthage_CITests.swift */,
				9BFF8E7D1F67354A00010CE8 /* Info.plist */,
			);
			path = "Carthage-CITests";
			sourceTree = "<group>";
		};
/* End PBXGroup section */

/* Begin PBXNativeTarget section */
		9BFF8E621F67354900010CE8 /* Carthage-CI */ = {
			isa = PBXNativeTarget;
			buildConfigurationList = 9BFF8E801F67354A00010CE8 /* Build configuration list for PBXNativeTarget "Carthage-CI" */;
			buildPhases = (
				9BFF8E5F1F67354900010CE8 /* Sources */,
				9BFF8E601F67354900010CE8 /* Frameworks */,
				9BFF8E611F67354900010CE8 /* Resources */,
			);
			buildRules = (
			);
			dependencies = (
			);
			name = "Carthage-CI";
			productName = "Carthage-CI";
			productReference = 9BFF8E631F67354900010CE8 /* Carthage-CI.app */;
			productType = "com.apple.product-type.application";
		};
		9BFF8E761F67354A00010CE8 /* Carthage-CITests */ = {
			isa = PBXNativeTarget;
			buildConfigurationList = 9BFF8E831F67354A00010CE8 /* Build configuration list for PBXNativeTarget "Carthage-CITests" */;
			buildPhases = (
				9BFF8E731F67354A00010CE8 /* Sources */,
				9BFF8E741F67354A00010CE8 /* Frameworks */,
				9BFF8E751F67354A00010CE8 /* Resources */,
			);
			buildRules = (
			);
			dependencies = (
				9BFF8E791F67354A00010CE8 /* PBXTargetDependency */,
			);
			name = "Carthage-CITests";
			productName = "Carthage-CITests";
			productReference = 9BFF8E771F67354A00010CE8 /* Carthage-CITests.xctest */;
			productType = "com.apple.product-type.bundle.unit-test";
		};
/* End PBXNativeTarget section */

/* Begin PBXProject section */
		9BFF8E5B1F67354900010CE8 /* Project object */ = {
			isa = PBXProject;
			attributes = {
				LastSwiftUpdateCheck = 0900;
				LastUpgradeCheck = 0900;
				ORGANIZATIONNAME = "Shashikant Jagtap";
				TargetAttributes = {
					9BFF8E621F67354900010CE8 = {
						CreatedOnToolsVersion = 9.0;
					};
					9BFF8E761F67354A00010CE8 = {
						CreatedOnToolsVersion = 9.0;
						TestTargetID = 9BFF8E621F67354900010CE8;
					};
				};
			};
			buildConfigurationList = 9BFF8E5E1F67354900010CE8 /* Build configuration list for PBXProject "Carthage-CI" */;
			compatibilityVersion = "Xcode 8.0";
			developmentRegion = en;
			hasScannedForEncodings = 0;
			knownRegions = (
				en,
				Base,
			);
			mainGroup = 9BFF8E5A1F67354900010CE8;
			productRefGroup = 9BFF8E641F67354900010CE8 /* Products */;
			projectDirPath = "";
			projectRoot = "";
			targets = (
				9BFF8E621F67354900010CE8 /* Carthage-CI */,
				9BFF8E761F67354A00010CE8 /* Carthage-CITests */,
			);
		};
/* End PBXProject section */

/* Begin PBXResourcesBuildPhase section */
		9BFF8E611F67354900010CE8 /* Resources */ = {
			isa = PBXResourcesBuildPhase;
			buildActionMask = 2147483647;
			files = (
				9BFF8E711F67354900010CE8 /* LaunchScreen.storyboard in Resources */,
				9BFF8E6E1F67354900010CE8 /* Assets.xcassets in Resources */,
				9BFF8E6C1F67354900010CE8 /* Main.storyboard in Resources */,
			);
			runOnlyForDeploymentPostprocessing = 0;
		};
		9BFF8E751F67354A00010CE8 /* Resources */ = {
			isa = PBXResourcesBuildPhase;
			buildActionMask = 2147483647;
			files = (
			);
			runOnlyForDeploymentPostprocessing = 0;
		};
/* End PBXResourcesBuildPhase section */

/* Begin PBXSourcesBuildPhase section */
		9BFF8E5F1F67354900010CE8 /* Sources */ = {
			isa = PBXSourcesBuildPhase;
			buildActionMask = 2147483647;
			files = (
				9BFF8E691F67354900010CE8 /* ViewController.swift in Sources */,
				9BFF8E671F67354900010CE8 /* AppDelegate.swift in Sources */,
			);
			runOnlyForDeploymentPostprocessing = 0;
		};
		9BFF8E731F67354A00010CE8 /* Sources */ = {
			isa = PBXSourcesBuildPhase;
			buildActionMask = 2147483647;
			files = (
				9BFF8E7C1F67354A00010CE8 /* Carthage_CITests.swift in Sources */,
			);
			runOnlyForDeploymentPostprocessing = 0;
		};
/* End PBXSourcesBuildPhase section */

/* Begin PBXTargetDependency section */
		9BFF8E791F67354A00010CE8 /* PBXTargetDependency */ = {
			isa = PBXTargetDependency;
			target = 9BFF8E621F67354900010CE8 /* Carthage-CI */;
			targetProxy = 9BFF8E781F67354A00010CE8 /* PBXContainerItemProxy */;
		};
/* End PBXTargetDependency section */

/* Begin PBXVariantGroup section */
		9BFF8E6A1F67354900010CE8 /* Main.storyboard */ = {
			isa = PBXVariantGroup;
			children = (
				9BFF8E6B1F67354900010CE8 /* Base */,
			);
			name = Main.storyboard;
			sourceTree = "<group>";
		};
		9BFF8E6F1F67354900010CE8 /* LaunchScreen.storyboard */ = {
			isa = PBXVariantGroup;
			children = (
				9BFF8E701F67354900010CE8 /* Base */,
			);
			name = LaunchScreen.storyboard;
			sourceTree = "<group>";
		};
/* End PBXVariantGroup section */

/* Begin XCBuildConfiguration section */
		9BFF8E7E1F67354A00010CE8 /* Debug */ = {
			isa = XCBuildConfiguration;
			buildSettings = {
				ALWAYS_SEARCH_USER_PATHS = NO;
				CLANG_ANALYZER_NONNULL = YES;
				CLANG_ANALYZER_NUMBER_OBJECT_CONVERSION = YES_AGGRESSIVE;
				CLANG_CXX_LANGUAGE_STANDARD = "gnu++14";
				CLANG_CXX_LIBRARY = "libc++";
				CLANG_ENABLE_MODULES = YES;
				CLANG_ENABLE_OBJC_ARC = YES;
				CLANG_WARN_BLOCK_CAPTURE_AUTORELEASING = YES;
				CLANG_WARN_BOOL_CONVERSION = YES;
				CLANG_WARN_COMMA = YES;
				CLANG_WARN_CONSTANT_CONVERSION = YES;
				CLANG_WARN_DIRECT_OBJC_ISA_USAGE = YES_ERROR;
				CLANG_WARN_DOCUMENTATION_COMMENTS = YES;
				CLANG_WARN_EMPTY_BODY = YES;
				CLANG_WARN_ENUM_CONVERSION = YES;
				CLANG_WARN_INFINITE_RECURSION = YES;
				CLANG_WARN_INT_CONVERSION = YES;
				CLANG_WARN_OBJC_ROOT_CLASS = YES_ERROR;
				CLANG_WARN_RANGE_LOOP_ANALYSIS = YES;
				CLANG_WARN_STRICT_PROTOTYPES = YES;
				CLANG_WARN_SUSPICIOUS_MOVE = YES;
				CLANG_WARN_UNGUARDED_AVAILABILITY = YES_AGGRESSIVE;
				CLANG_WARN_UNREACHABLE_CODE = YES;
				CLANG_WARN__DUPLICATE_METHOD_MATCH = YES;
				CODE_SIGN_IDENTITY = "iPhone Developer";
				COPY_PHASE_STRIP = NO;
				DEBUG_INFORMATION_FORMAT = dwarf;
				ENABLE_STRICT_OBJC_MSGSEND = YES;
				ENABLE_TESTABILITY = YES;
				GCC_C_LANGUAGE_STANDARD = gnu11;
				GCC_DYNAMIC_NO_PIC = NO;
				GCC_NO_COMMON_BLOCKS = YES;
				GCC_OPTIMIZATION_LEVEL = 0;
				GCC_PREPROCESSOR_DEFINITIONS = (
					"DEBUG=1",
					"$(inherited)",
				);
				GCC_WARN_64_TO_32_BIT_CONVERSION = YES;
				GCC_WARN_ABOUT_RETURN_TYPE = YES_ERROR;
				GCC_WARN_UNDECLARED_SELECTOR = YES;
				GCC_WARN_UNINITIALIZED_AUTOS = YES_AGGRESSIVE;
				GCC_WARN_UNUSED_FUNCTION = YES;
				GCC_WARN_UNUSED_VARIABLE = YES;
				IPHONEOS_DEPLOYMENT_TARGET = 11.0;
				MTL_ENABLE_DEBUG_INFO = YES;
				ONLY_ACTIVE_ARCH = YES;
				SDKROOT = iphoneos;
				SWIFT_ACTIVE_COMPILATION_CONDITIONS = DEBUG;
				SWIFT_OPTIMIZATION_LEVEL = "-Onone";
			};
			name = Debug;
		};
		9BFF8E7F1F67354A00010CE8 /* Release */ = {
			isa = XCBuildConfiguration;
			buildSettings = {
				ALWAYS_SEARCH_USER_PATHS = NO;
				CLANG_ANALYZER_NONNULL = YES;
				CLANG_ANALYZER_NUMBER_OBJECT_CONVERSION = YES_AGGRESSIVE;
				CLANG_CXX_LANGUAGE_STANDARD = "gnu++14";
				CLANG_CXX_LIBRARY = "libc++";
				CLANG_ENABLE_MODULES = YES;
				CLANG_ENABLE_OBJC_ARC = YES;
				CLANG_WARN_BLOCK_CAPTURE_AUTORELEASING = YES;
				CLANG_WARN_BOOL_CONVERSION = YES;
				CLANG_WARN_COMMA = YES;
				CLANG_WARN_CONSTANT_CONVERSION = YES;
				CLANG_WARN_DIRECT_OBJC_ISA_USAGE = YES_ERROR;
				CLANG_WARN_DOCUMENTATION_COMMENTS = YES;
				CLANG_WARN_EMPTY_BODY = YES;
				CLANG_WARN_ENUM_CONVERSION = YES;
				CLANG_WARN_INFINITE_RECURSION = YES;
				CLANG_WARN_INT_CONVERSION = YES;
				CLANG_WARN_OBJC_ROOT_CLASS = YES_ERROR;
				CLANG_WARN_RANGE_LOOP_ANALYSIS = YES;
				CLANG_WARN_STRICT_PROTOTYPES = YES;
				CLANG_WARN_SUSPICIOUS_MOVE = YES;
				CLANG_WARN_UNGUARDED_AVAILABILITY = YES_AGGRESSIVE;
				CLANG_WARN_UNREACHABLE_CODE = YES;
				CLANG_WARN__DUPLICATE_METHOD_MATCH = YES;
				CODE_SIGN_IDENTITY = "iPhone Developer";
				COPY_PHASE_STRIP = NO;
				DEBUG_INFORMATION_FORMAT = "dwarf-with-dsym";
				ENABLE_NS_ASSERTIONS = NO;
				ENABLE_STRICT_OBJC_MSGSEND = YES;
				GCC_C_LANGUAGE_STANDARD = gnu11;
				GCC_NO_COMMON_BLOCKS = YES;
				GCC_WARN_64_TO_32_BIT_CONVERSION = YES;
				GCC_WARN_ABOUT_RETURN_TYPE = YES_ERROR;
				GCC_WARN_UNDECLARED_SELECTOR = YES;
				GCC_WARN_UNINITIALIZED_AUTOS = YES_AGGRESSIVE;
				GCC_WARN_UNUSED_FUNCTION = YES;
				GCC_WARN_UNUSED_VARIABLE = YES;
				IPHONEOS_DEPLOYMENT_TARGET = 11.0;
				MTL_ENABLE_DEBUG_INFO = NO;
				SDKROOT = iphoneos;
				SWIFT_OPTIMIZATION_LEVEL = "-Owholemodule";
				VALIDATE_PRODUCT = YES;
			};
			name = Release;
		};
		9BFF8E811F67354A00010CE8 /* Debug */ = {
			isa = XCBuildConfiguration;
			buildSettings = {
				ASSETCATALOG_COMPILER_APPICON_NAME = AppIcon;
				INFOPLIST_FILE = "Carthage-CI/Info.plist";
				LD_RUNPATH_SEARCH_PATHS = "$(inherited) @executable_path/Frameworks";
				PRODUCT_BUNDLE_IDENTIFIER = "shashi.Carthage-CI";
				PRODUCT_NAME = "$(TARGET_NAME)";
				SWIFT_VERSION = 4.0;
				TARGETED_DEVICE_FAMILY = "1,2";
			};
			name = Debug;
		};
		9BFF8E821F67354A00010CE8 /* Release */ = {
			isa = XCBuildConfiguration;
			buildSettings = {
				ASSETCATALOG_COMPILER_APPICON_NAME = AppIcon;
				INFOPLIST_FILE = "Carthage-CI/Info.plist";
				LD_RUNPATH_SEARCH_PATHS = "$(inherited) @executable_path/Frameworks";
				PRODUCT_BUNDLE_IDENTIFIER = "shashi.Carthage-CI";
				PRODUCT_NAME = "$(TARGET_NAME)";
				SWIFT_VERSION = 4.0;
				TARGETED_DEVICE_FAMILY = "1,2";
			};
			name = Release;
		};
		9BFF8E841F67354A00010CE8 /* Debug */ = {
			isa = XCBuildConfiguration;
			buildSettings = {
				ALWAYS_EMBED_SWIFT_STANDARD_LIBRARIES = YES;
				BUNDLE_LOADER = "$(TEST_HOST)";
				INFOPLIST_FILE = "Carthage-CITests/Info.plist";
				LD_RUNPATH_SEARCH_PATHS = "$(inherited) @executable_path/Frameworks @loader_path/Frameworks";
				PRODUCT_BUNDLE_IDENTIFIER = "shashi.Carthage-CITests";
				PRODUCT_NAME = "$(TARGET_NAME)";
				SWIFT_VERSION = 4.0;
				TARGETED_DEVICE_FAMILY = "1,2";
				TEST_HOST = "$(BUILT_PRODUCTS_DIR)/Carthage-CI.app/Carthage-CI";
			};
			name = Debug;
		};
		9BFF8E851F67354A00010CE8 /* Release */ = {
			isa = XCBuildConfiguration;
			buildSettings = {
				ALWAYS_EMBED_SWIFT_STANDARD_LIBRARIES = YES;
				BUNDLE_LOADER = "$(TEST_HOST)";
				INFOPLIST_FILE = "Carthage-CITests/Info.plist";
				LD_RUNPATH_SEARCH_PATHS = "$(inherited) @executable_path/Frameworks @loader_path/Frameworks";
				PRODUCT_BUNDLE_IDENTIFIER = "shashi.Carthage-CITests";
				PRODUCT_NAME = "$(TARGET_NAME)";
				SWIFT_VERSION = 4.0;
				TARGETED_DEVICE_FAMILY = "1,2";
				TEST_HOST = "$(BUILT_PRODUCTS_DIR)/Carthage-CI.app/Carthage-CI";
			};
			name = Release;
		};
/* End XCBuildConfiguration section */

/* Begin XCConfigurationList section */
		9BFF8E5E1F67354900010CE8 /* Build configuration list for PBXProject "Carthage-CI" */ = {
			isa = XCConfigurationList;
			buildConfigurations = (
				9BFF8E7E1F67354A00010CE8 /* Debug */,
				9BFF8E7F1F67354A00010CE8 /* Release */,
			);
			defaultConfigurationIsVisible = 0;
			defaultConfigurationName = Release;
		};
		9BFF8E801F67354A00010CE8 /* Build configuration list for PBXNativeTarget "Carthage-CI" */ = {
			isa = XCConfigurationList;
			buildConfigurations = (
				9BFF8E811F67354A00010CE8 /* Debug */,
				9BFF8E821F67354A00010CE8 /* Release */,
			);
			defaultConfigurationIsVisible = 0;
		};
		9BFF8E831F67354A00010CE8 /* Build configuration list for PBXNativeTarget "Carthage-CITests" */ = {
			isa = XCConfigurationList;
			buildConfigurations = (
				9BFF8E841F67354A00010CE8 /* Debug */,
				9BFF8E851F67354A00010CE8 /* Release */,
			);
			defaultConfigurationIsVisible = 0;
		};
/* End XCConfigurationList section */
	};
	rootObject = 9BFF8E5B1F67354900010CE8 /* Project object */;
}
